
Microsoft Visual Studio Solution File, Format Version 12.00
# Visual Studio Version 17
VisualStudioVersion = 17.5.33516.290
MinimumVisualStudioVersion = 10.0.40219.1
Project("{FAE04EC0-301F-11D3-BF4B-00C04F79EFBC}") = "AvaloniaApplication3", "AvaloniaApplication3.csproj", "{BA521B87-A529-4A9E-B578-07C5B51AB46A}"
EndProject
Global
	GlobalSection(SolutionConfigurationPlatforms) = preSolution
		Debug|Any CPU = Debug|Any CPU
		Release|Any CPU = Release|Any CPU
	EndGlobalSection
	GlobalSection(ProjectConfigurationPlatforms) = postSolution
		{BA521B87-A529-4A9E-B578-07C5B51AB46A}.Debug|Any CPU.ActiveCfg = Debug|Any CPU
		{BA521B87-A529-4A9E-B578-07C5B51AB46A}.Debug|Any CPU.Build.0 = Debug|Any CPU
		{BA521B87-A529-4A9E-B578-07C5B51AB46A}.Release|Any CPU.ActiveCfg = Release|Any CPU
		{BA521B87-A529-4A9E-B578-07C5B51AB46A}.Release|Any CPU.Build.0 = Release|Any CPU
	EndGlobalSection
	GlobalSection(SolutionProperties) = preSolution
		HideSolutionNode = FALSE
	EndGlobalSection
	GlobalSection(ExtensibilityGlobals) = postSolution
		SolutionGuid = {AD11F349-EDBA-4B5E-81FC-439626D8652B}
	EndGlobalSection
EndGlobal
